
Microsoft Visual Studio Solution File, Format Version 12.00
# Visual Studio Version 17
VisualStudioVersion = 17.14.36811.4 d17.14
MinimumVisualStudioVersion = 10.0.40219.1
Project("{FAE04EC0-301F-11D3-BF4B-00C04F79EFBC}") = "Ass1 _que1", "Ass1 _que1.csproj", "{51175687-18DA-4A6B-9444-358FA6D4C37D}"
EndProject
Global
	GlobalSection(SolutionConfigurationPlatforms) = preSolution
		Debug|Any CPU = Debug|Any CPU
		Release|Any CPU = Release|Any CPU
	EndGlobalSection
	GlobalSection(ProjectConfigurationPlatforms) = postSolution
		{51175687-18DA-4A6B-9444-358FA6D4C37D}.Debug|Any CPU.ActiveCfg = Debug|Any CPU
		{51175687-18DA-4A6B-9444-358FA6D4C37D}.Debug|Any CPU.Build.0 = Debug|Any CPU
		{51175687-18DA-4A6B-9444-358FA6D4C37D}.Release|Any CPU.ActiveCfg = Release|Any CPU
		{51175687-18DA-4A6B-9444-358FA6D4C37D}.Release|Any CPU.Build.0 = Release|Any CPU
	EndGlobalSection
	GlobalSection(SolutionProperties) = preSolution
		HideSolutionNode = FALSE
	EndGlobalSection
	GlobalSection(ExtensibilityGlobals) = postSolution
		SolutionGuid = {D211460A-285D-407C-8F68-E5379E0A99AC}
	EndGlobalSection
EndGlobal
